
Microsoft Visual Studio Solution File, Format Version 12.00
# Visual Studio Version 17
VisualStudioVersion = 17.14.36930.0
MinimumVisualStudioVersion = 10.0.40219.1
Project("{FAE04EC0-301F-11D3-BF4B-00C04F79EFBC}") = "SupportHub.Domain", "SupportHub.Domain\SupportHub.Domain.csproj", "{778672F7-3E45-4C8F-B7E8-AC7E66275CAE}"
EndProject
Project("{FAE04EC0-301F-11D3-BF4B-00C04F79EFBC}") = "SupportHub.Application", "SupportHub.Application\SupportHub.Application.csproj", "{F10BBB81-4D86-4B72-AC82-9D296835B67C}"
EndProject
Project("{FAE04EC0-301F-11D3-BF4B-00C04F79EFBC}") = "SupportHub.Api.V1", "SupportHub.Api\SupportHub.Api.V1.csproj", "{41B73E48-15F5-482F-BF00-7D8255880387}"
EndProject
Project("{FAE04EC0-301F-11D3-BF4B-00C04F79EFBC}") = "SupportHub.Infrastructure.Persistence", "SupportHub.Infrastructure.Persistence\SupportHub.Infrastructure.Persistence.csproj", "{92884118-B419-4D06-89E4-626CA0AE56D3}"
EndProject
Project("{FAE04EC0-301F-11D3-BF4B-00C04F79EFBC}") = "SupportHub.Application.UnitTests", "SupportHub.Application.UnitTests\SupportHub.Application.UnitTests.csproj", "{770609F0-5C2E-4EAF-9F5A-58249897E1A8}"
EndProject
Global
	GlobalSection(SolutionConfigurationPlatforms) = preSolution
		Debug|Any CPU = Debug|Any CPU
		Debug|x64 = Debug|x64
		Debug|x86 = Debug|x86
		Release|Any CPU = Release|Any CPU
		Release|x64 = Release|x64
		Release|x86 = Release|x86
	EndGlobalSection
	GlobalSection(ProjectConfigurationPlatforms) = postSolution
		{778672F7-3E45-4C8F-B7E8-AC7E66275CAE}.Debug|Any CPU.ActiveCfg = Debug|Any CPU
		{778672F7-3E45-4C8F-B7E8-AC7E66275CAE}.Debug|Any CPU.Build.0 = Debug|Any CPU
		{778672F7-3E45-4C8F-B7E8-AC7E66275CAE}.Debug|x64.ActiveCfg = Debug|Any CPU
		{778672F7-3E45-4C8F-B7E8-AC7E66275CAE}.Debug|x64.Build.0 = Debug|Any CPU
		{778672F7-3E45-4C8F-B7E8-AC7E66275CAE}.Debug|x86.ActiveCfg = Debug|Any CPU
		{778672F7-3E45-4C8F-B7E8-AC7E66275CAE}.Debug|x86.Build.0 = Debug|Any CPU
		{778672F7-3E45-4C8F-B7E8-AC7E66275CAE}.Release|Any CPU.ActiveCfg = Release|Any CPU
		{778672F7-3E45-4C8F-B7E8-AC7E66275CAE}.Release|Any CPU.Build.0 = Release|Any CPU
		{778672F7-3E45-4C8F-B7E8-AC7E66275CAE}.Release|x64.ActiveCfg = Release|Any CPU
		{778672F7-3E45-4C8F-B7E8-AC7E66275CAE}.Release|x64.Build.0 = Release|Any CPU
		{778672F7-3E45-4C8F-B7E8-AC7E66275CAE}.Release|x86.ActiveCfg = Release|Any CPU
		{778672F7-3E45-4C8F-B7E8-AC7E66275CAE}.Release|x86.Build.0 = Release|Any CPU
		{F10BBB81-4D86-4B72-AC82-9D296835B67C}.Debug|Any CPU.ActiveCfg = Debug|Any CPU
		{F10BBB81-4D86-4B72-AC82-9D296835B67C}.Debug|Any CPU.Build.0 = Debug|Any CPU
		{F10BBB81-4D86-4B72-AC82-9D296835B67C}.Debug|x64.ActiveCfg = Debug|Any CPU
		{F10BBB81-4D86-4B72-AC82-9D296835B67C}.Debug|x64.Build.0 = Debug|Any CPU
		{F10BBB81-4D86-4B72-AC82-9D296835B67C}.Debug|x86.ActiveCfg = Debug|Any CPU
		{F10BBB81-4D86-4B72-AC82-9D296835B67C}.Debug|x86.Build.0 = Debug|Any CPU
		{F10BBB81-4D86-4B72-AC82-9D296835B67C}.Release|Any CPU.ActiveCfg = Release|Any CPU
		{F10BBB81-4D86-4B72-AC82-9D296835B67C}.Release|Any CPU.Build.0 = Release|Any CPU
		{F10BBB81-4D86-4B72-AC82-9D296835B67C}.Release|x64.ActiveCfg = Release|Any CPU
		{F10BBB81-4D86-4B72-AC82-9D296835B67C}.Release|x64.Build.0 = Release|Any CPU
		{F10BBB81-4D86-4B72-AC82-9D296835B67C}.Release|x86.ActiveCfg = Release|Any CPU
		{F10BBB81-4D86-4B72-AC82-9D296835B67C}.Release|x86.Build.0 = Release|Any CPU
		{41B73E48-15F5-482F-BF00-7D8255880387}.Debug|Any CPU.ActiveCfg = Debug|Any CPU
		{41B73E48-15F5-482F-BF00-7D8255880387}.Debug|Any CPU.Build.0 = Debug|Any CPU
		{41B73E48-15F5-482F-BF00-7D8255880387}.Debug|x64.ActiveCfg = Debug|Any CPU
		{41B73E48-15F5-482F-BF00-7D8255880387}.Debug|x64.Build.0 = Debug|Any CPU
		{41B73E48-15F5-482F-BF00-7D8255880387}.Debug|x86.ActiveCfg = Debug|Any CPU
		{41B73E48-15F5-482F-BF00-7D8255880387}.Debug|x86.Build.0 = Debug|Any CPU
		{41B73E48-15F5-482F-BF00-7D8255880387}.Release|Any CPU.ActiveCfg = Release|Any CPU
		{41B73E48-15F5-482F-BF00-7D8255880387}.Release|Any CPU.Build.0 = Release|Any CPU
		{41B73E48-15F5-482F-BF00-7D8255880387}.Release|x64.ActiveCfg = Release|Any CPU
		{41B73E48-15F5-482F-BF00-7D8255880387}.Release|x64.Build.0 = Release|Any CPU
		{41B73E48-15F5-482F-BF00-7D8255880387}.Release|x86.ActiveCfg = Release|Any CPU
		{41B73E48-15F5-482F-BF00-7D8255880387}.Release|x86.Build.0 = Release|Any CPU
		{92884118-B419-4D06-89E4-626CA0AE56D3}.Debug|Any CPU.ActiveCfg = Debug|Any CPU
		{92884118-B419-4D06-89E4-626CA0AE56D3}.Debug|Any CPU.Build.0 = Debug|Any CPU
		{92884118-B419-4D06-89E4-626CA0AE56D3}.Debug|x64.ActiveCfg = Debug|Any CPU
		{92884118-B419-4D06-89E4-626CA0AE56D3}.Debug|x64.Build.0 = Debug|Any CPU
		{92884118-B419-4D06-89E4-626CA0AE56D3}.Debug|x86.ActiveCfg = Debug|Any CPU
		{92884118-B419-4D06-89E4-626CA0AE56D3}.Debug|x86.Build.0 = Debug|Any CPU
		{92884118-B419-4D06-89E4-626CA0AE56D3}.Release|Any CPU.ActiveCfg = Release|Any CPU
		{92884118-B419-4D06-89E4-626CA0AE56D3}.Release|Any CPU.Build.0 = Release|Any CPU
		{92884118-B419-4D06-89E4-626CA0AE56D3}.Release|x64.ActiveCfg = Release|Any CPU
		{92884118-B419-4D06-89E4-626CA0AE56D3}.Release|x64.Build.0 = Release|Any CPU
		{92884118-B419-4D06-89E4-626CA0AE56D3}.Release|x86.ActiveCfg = Release|Any CPU
		{92884118-B419-4D06-89E4-626CA0AE56D3}.Release|x86.Build.0 = Release|Any CPU
		{770609F0-5C2E-4EAF-9F5A-58249897E1A8}.Debug|Any CPU.ActiveCfg = Debug|Any CPU
		{770609F0-5C2E-4EAF-9F5A-58249897E1A8}.Debug|Any CPU.Build.0 = Debug|Any CPU
		{770609F0-5C2E-4EAF-9F5A-58249897E1A8}.Debug|x64.ActiveCfg = Debug|Any CPU
		{770609F0-5C2E-4EAF-9F5A-58249897E1A8}.Debug|x64.Build.0 = Debug|Any CPU
		{770609F0-5C2E-4EAF-9F5A-58249897E1A8}.Debug|x86.ActiveCfg = Debug|Any CPU
		{770609F0-5C2E-4EAF-9F5A-58249897E1A8}.Debug|x86.Build.0 = Debug|Any CPU
		{770609F0-5C2E-4EAF-9F5A-58249897E1A8}.Release|Any CPU.ActiveCfg = Release|Any CPU
		{770609F0-5C2E-4EAF-9F5A-58249897E1A8}.Release|Any CPU.Build.0 = Release|Any CPU
		{770609F0-5C2E-4EAF-9F5A-58249897E1A8}.Release|x64.ActiveCfg = Release|Any CPU
		{770609F0-5C2E-4EAF-9F5A-58249897E1A8}.Release|x64.Build.0 = Release|Any CPU
		{770609F0-5C2E-4EAF-9F5A-58249897E1A8}.Release|x86.ActiveCfg = Release|Any CPU
		{770609F0-5C2E-4EAF-9F5A-58249897E1A8}.Release|x86.Build.0 = Release|Any CPU
	EndGlobalSection
	GlobalSection(SolutionProperties) = preSolution
		HideSolutionNode = FALSE
	EndGlobalSection
	GlobalSection(ExtensibilityGlobals) = postSolution
		SolutionGuid = {7101087E-BD6C-4F3A-8ACF-ECF9B241DA4D}
	EndGlobalSection
EndGlobal
